// !$*UTF8*$!
{
	archiveVersion = 1;
	classes = {
	};
	objectVersion = 45;
	objects = {

/* Begin PBXBuildFile section */
		4AD8FF7112A8283000557D1F /* ASIAuthenticationDialog.h in Headers */ = {isa = PBXBuildFile; fileRef = 4AD8FF6212A8283000557D1F /* ASIAuthenticationDialog.h */; };
		4AD8FF7212A8283000557D1F /* ASIAuthenticationDialog.m in Sources */ = {isa = PBXBuildFile; fileRef = 4AD8FF6312A8283000557D1F /* ASIAuthenticationDialog.m */; };
		4AD8FF7312A8283000557D1F /* ASIFormDataRequest.h in Headers */ = {isa = PBXBuildFile; fileRef = 4AD8FF6412A8283000557D1F /* ASIFormDataRequest.h */; };
		4AD8FF7412A8283000557D1F /* ASIFormDataRequest.m in Sources */ = {isa = PBXBuildFile; fileRef = 4AD8FF6512A8283000557D1F /* ASIFormDataRequest.m */; };
		4AD8FF7512A8283000557D1F /* ASIHTTPRequest.h in Headers */ = {isa = PBXBuildFile; fileRef = 4AD8FF6612A8283000557D1F /* ASIHTTPRequest.h */; };
		4AD8FF7612A8283000557D1F /* ASIHTTPRequest.m in Sources */ = {isa = PBXBuildFile; fileRef = 4AD8FF6712A8283000557D1F /* ASIHTTPRequest.m */; };
		4AD8FF7712A8283000557D1F /* ASIHTTPRequestConfig.h in Headers */ = {isa = PBXBuildFile; fileRef = 4AD8FF6812A8283000557D1F /* ASIHTTPRequestConfig.h */; };
		4AD8FF7812A8283000557D1F /* ASIInputStream.h in Headers */ = {isa = PBXBuildFile; fileRef = 4AD8FF6912A8283000557D1F /* ASIInputStream.h */; };
		4AD8FF7912A8283000557D1F /* ASIInputStream.m in Sources */ = {isa = PBXBuildFile; fileRef = 4AD8FF6A12A8283000557D1F /* ASIInputStream.m */; };
		4AD8FF7A12A8283000557D1F /* ASINetworkQueue.h in Headers */ = {isa = PBXBuildFile; fileRef = 4AD8FF6B12A8283000557D1F /* ASINetworkQueue.h */; };
		4AD8FF7B12A8283000557D1F /* ASINetworkQueue.m in Sources */ = {isa = PBXBuildFile; fileRef = 4AD8FF6C12A8283000557D1F /* ASINetworkQueue.m */; };
		4AD8FF7C12A8283000557D1F /* ASINSStringAdditions.h in Headers */ = {isa = PBXBuildFile; fileRef = 4AD8FF6D12A8283000557D1F /* ASINSStringAdditions.h */; };
		4AD8FF7D12A8283000557D1F /* ASINSStringAdditions.m in Sources */ = {isa = PBXBuildFile; fileRef = 4AD8FF6E12A8283000557D1F /* ASINSStringAdditions.m */; };
		4AD8FF7E12A8283000557D1F /* NSHTTPCookieAdditions.h in Headers */ = {isa = PBXBuildFile; fileRef = 4AD8FF6F12A8283000557D1F /* NSHTTPCookieAdditions.h */; };
		4AD8FF7F12A8283000557D1F /* NSHTTPCookieAdditions.m in Sources */ = {isa = PBXBuildFile; fileRef = 4AD8FF7012A8283000557D1F /* NSHTTPCookieAdditions.m */; };
		4AD8FF8B12A828A100557D1F /* UIKit.framework in Frameworks */ = {isa = PBXBuildFile; fileRef = 4AD8FF8A12A828A100557D1F /* UIKit.framework */; };
		AA747D9F0F9514B9006C5449 /* ASI_Prefix.pch in Headers */ = {isa = PBXBuildFile; fileRef = AA747D9E0F9514B9006C5449 /* ASI_Prefix.pch */; };
		AACBBE4A0F95108600F1A2B1 /* Foundation.framework in Frameworks */ = {isa = PBXBuildFile; fileRef = AACBBE490F95108600F1A2B1 /* Foundation.framework */; };
/* End PBXBuildFile section */

/* Begin PBXFileReference section */
		4AD8FF6212A8283000557D1F /* ASIAuthenticationDialog.h */ = {isa = PBXFileReference; fileEncoding = 4; lastKnownFileType = sourcecode.c.h; path = ASIAuthenticationDialog.h; sourceTree = "<group>"; };
		4AD8FF6312A8283000557D1F /* ASIAuthenticationDialog.m */ = {isa = PBXFileReference; fileEncoding = 4; lastKnownFileType = sourcecode.c.objc; path = ASIAuthenticationDialog.m; sourceTree = "<group>"; };
		4AD8FF6412A8283000557D1F /* ASIFormDataRequest.h */ = {isa = PBXFileReference; fileEncoding = 4; lastKnownFileType = sourcecode.c.h; path = ASIFormDataRequest.h; sourceTree = "<group>"; };
		4AD8FF6512A8283000557D1F /* ASIFormDataRequest.m */ = {isa = PBXFileReference; fileEncoding = 4; lastKnownFileType = sourcecode.c.objc; path = ASIFormDataRequest.m; sourceTree = "<group>"; };
		4AD8FF6612A8283000557D1F /* ASIHTTPRequest.h */ = {isa = PBXFileReference; fileEncoding = 4; lastKnownFileType = sourcecode.c.h; path = ASIHTTPRequest.h; sourceTree = "<group>"; };
		4AD8FF6712A8283000557D1F /* ASIHTTPRequest.m */ = {isa = PBXFileReference; fileEncoding = 4; lastKnownFileType = sourcecode.c.objc; path = ASIHTTPRequest.m; sourceTree = "<group>"; };
		4AD8FF6812A8283000557D1F /* ASIHTTPRequestConfig.h */ = {isa = PBXFileReference; fileEncoding = 4; lastKnownFileType = sourcecode.c.h; path = ASIHTTPRequestConfig.h; sourceTree = "<group>"; };
		4AD8FF6912A8283000557D1F /* ASIInputStream.h */ = {isa = PBXFileReference; fileEncoding = 4; lastKnownFileType = sourcecode.c.h; path = ASIInputStream.h; sourceTree = "<group>"; };
		4AD8FF6A12A8283000557D1F /* ASIInputStream.m */ = {isa = PBXFileReference; fileEncoding = 4; lastKnownFileType = sourcecode.c.objc; path = ASIInputStream.m; sourceTree = "<group>"; };
		4AD8FF6B12A8283000557D1F /* ASINetworkQueue.h */ = {isa = PBXFileReference; fileEncoding = 4; lastKnownFileType = sourcecode.c.h; path = ASINetworkQueue.h; sourceTree = "<group>"; };
		4AD8FF6C12A8283000557D1F /* ASINetworkQueue.m */ = {isa = PBXFileReference; fileEncoding = 4; lastKnownFileType = sourcecode.c.objc; path = ASINetworkQueue.m; sourceTree = "<group>"; };
		4AD8FF6D12A8283000557D1F /* ASINSStringAdditions.h */ = {isa = PBXFileReference; fileEncoding = 4; lastKnownFileType = sourcecode.c.h; path = ASINSStringAdditions.h; sourceTree = "<group>"; };
		4AD8FF6E12A8283000557D1F /* ASINSStringAdditions.m */ = {isa = PBXFileReference; fileEncoding = 4; lastKnownFileType = sourcecode.c.objc; path = ASINSStringAdditions.m; sourceTree = "<group>"; };
		4AD8FF6F12A8283000557D1F /* NSHTTPCookieAdditions.h */ = {isa = PBXFileReference; fileEncoding = 4; lastKnownFileType = sourcecode.c.h; path = NSHTTPCookieAdditions.h; sourceTree = "<group>"; };
		4AD8FF7012A8283000557D1F /* NSHTTPCookieAdditions.m */ = {isa = PBXFileReference; fileEncoding = 4; lastKnownFileType = sourcecode.c.objc; path = NSHTTPCookieAdditions.m; sourceTree = "<group>"; };
		4AD8FF8A12A828A100557D1F /* UIKit.framework */ = {isa = PBXFileReference; lastKnownFileType = wrapper.framework; name = UIKit.framework; path = System/Library/Frameworks/UIKit.framework; sourceTree = SDKROOT; };
		AA747D9E0F9514B9006C5449 /* ASI_Prefix.pch */ = {isa = PBXFileReference; fileEncoding = 4; lastKnownFileType = sourcecode.c.h; path = ASI_Prefix.pch; sourceTree = SOURCE_ROOT; };
		AACBBE490F95108600F1A2B1 /* Foundation.framework */ = {isa = PBXFileReference; lastKnownFileType = wrapper.framework; name = Foundation.framework; path = System/Library/Frameworks/Foundation.framework; sourceTree = SDKROOT; };
		D2AAC07E0554694100DB518D /* libASI.a */ = {isa = PBXFileReference; explicitFileType = archive.ar; includeInIndex = 0; path = libASI.a; sourceTree = BUILT_PRODUCTS_DIR; };
/* End PBXFileReference section */

/* Begin PBXFrameworksBuildPhase section */
		D2AAC07C0554694100DB518D /* Frameworks */ = {
			isa = PBXFrameworksBuildPhase;
			buildActionMask = 2147483647;
			files = (
				AACBBE4A0F95108600F1A2B1 /* Foundation.framework in Frameworks */,
				4AD8FF8B12A828A100557D1F /* UIKit.framework in Frameworks */,
			);
			runOnlyForDeploymentPostprocessing = 0;
		};
/* End PBXFrameworksBuildPhase section */

/* Begin PBXGroup section */
		034768DFFF38A50411DB9C8B /* Products */ = {
			isa = PBXGroup;
			children = (
				D2AAC07E0554694100DB518D /* libASI.a */,
			);
			name = Products;
			sourceTree = "<group>";
		};
		0867D691FE84028FC02AAC07 /* ASI */ = {
			isa = PBXGroup;
			children = (
				08FB77AEFE84172EC02AAC07 /* Classes */,
				32C88DFF0371C24200C91783 /* Other Sources */,
				0867D69AFE84028FC02AAC07 /* Frameworks */,
				034768DFFF38A50411DB9C8B /* Products */,
				4AD8FF8A12A828A100557D1F /* UIKit.framework */,
			);
			name = ASI;
			sourceTree = "<group>";
		};
		0867D69AFE84028FC02AAC07 /* Frameworks */ = {
			isa = PBXGroup;
			children = (
				AACBBE490F95108600F1A2B1 /* Foundation.framework */,
			);
			name = Frameworks;
			sourceTree = "<group>";
		};
		08FB77AEFE84172EC02AAC07 /* Classes */ = {
			isa = PBXGroup;
			children = (
				4AD8FF6112A8283000557D1F /* ASI */,
			);
			name = Classes;
			sourceTree = "<group>";
		};
		32C88DFF0371C24200C91783 /* Other Sources */ = {
			isa = PBXGroup;
			children = (
				AA747D9E0F9514B9006C5449 /* ASI_Prefix.pch */,
			);
			name = "Other Sources";
			sourceTree = "<group>";
		};
		4AD8FF6112A8283000557D1F /* ASI */ = {
			isa = PBXGroup;
			children = (
				4AD8FF6212A8283000557D1F /* ASIAuthenticationDialog.h */,
				4AD8FF6312A8283000557D1F /* ASIAuthenticationDialog.m */,
				4AD8FF6412A8283000557D1F /* ASIFormDataRequest.h */,
				4AD8FF6512A8283000557D1F /* ASIFormDataRequest.m */,
				4AD8FF6612A8283000557D1F /* ASIHTTPRequest.h */,
				4AD8FF6712A8283000557D1F /* ASIHTTPRequest.m */,
				4AD8FF6812A8283000557D1F /* ASIHTTPRequestConfig.h */,
				4AD8FF6912A8283000557D1F /* ASIInputStream.h */,
				4AD8FF6A12A8283000557D1F /* ASIInputStream.m */,
				4AD8FF6B12A8283000557D1F /* ASINetworkQueue.h */,
				4AD8FF6C12A8283000557D1F /* ASINetworkQueue.m */,
				4AD8FF6D12A8283000557D1F /* ASINSStringAdditions.h */,
				4AD8FF6E12A8283000557D1F /* ASINSStringAdditions.m */,
				4AD8FF6F12A8283000557D1F /* NSHTTPCookieAdditions.h */,
				4AD8FF7012A8283000557D1F /* NSHTTPCookieAdditions.m */,
			);
			path = ASI;
			sourceTree = "<group>";
		};
/* End PBXGroup section */

/* Begin PBXHeadersBuildPhase section */
		D2AAC07A0554694100DB518D /* Headers */ = {
			isa = PBXHeadersBuildPhase;
			buildActionMask = 2147483647;
			files = (
				AA747D9F0F9514B9006C5449 /* ASI_Prefix.pch in Headers */,
				4AD8FF7112A8283000557D1F /* ASIAuthenticationDialog.h in Headers */,
				4AD8FF7312A8283000557D1F /* ASIFormDataRequest.h in Headers */,
				4AD8FF7512A8283000557D1F /* ASIHTTPRequest.h in Headers */,
				4AD8FF7712A8283000557D1F /* ASIHTTPRequestConfig.h in Headers */,
				4AD8FF7812A8283000557D1F /* ASIInputStream.h in Headers */,
				4AD8FF7A12A8283000557D1F /* ASINetworkQueue.h in Headers */,
				4AD8FF7C12A8283000557D1F /* ASINSStringAdditions.h in Headers */,
				4AD8FF7E12A8283000557D1F /* NSHTTPCookieAdditions.h in Headers */,
			);
			runOnlyForDeploymentPostprocessing = 0;
		};
/* End PBXHeadersBuildPhase section */

/* Begin PBXNativeTarget section */
		D2AAC07D0554694100DB518D /* ASI */ = {
			isa = PBXNativeTarget;
			buildConfigurationList = 1DEB921E08733DC00010E9CD /* Build configuration list for PBXNativeTarget "ASI" */;
			buildPhases = (
				D2AAC07A0554694100DB518D /* Headers */,
				D2AAC07B0554694100DB518D /* Sources */,
				D2AAC07C0554694100DB518D /* Frameworks */,
				4AD8FF8112A8286400557D1F /* ShellScript */,
			);
			buildRules = (
			);
			dependencies = (
			);
			name = ASI;
			productName = ASI;
			productReference = D2AAC07E0554694100DB518D /* libASI.a */;
			productType = "com.apple.product-type.library.static";
		};
/* End PBXNativeTarget section */

/* Begin PBXProject section */
		0867D690FE84028FC02AAC07 /* Project object */ = {
			isa = PBXProject;
			buildConfigurationList = 1DEB922208733DC00010E9CD /* Build configuration list for PBXProject "ASI" */;
			compatibilityVersion = "Xcode 3.1";
			developmentRegion = English;
			hasScannedForEncodings = 1;
			knownRegions = (
				English,
				Japanese,
				French,
				German,
			);
			mainGroup = 0867D691FE84028FC02AAC07 /* ASI */;
			productRefGroup = 034768DFFF38A50411DB9C8B /* Products */;
			projectDirPath = "";
			projectRoot = "";
			targets = (
				D2AAC07D0554694100DB518D /* ASI */,
			);
		};
/* End PBXProject section */

/* Begin PBXShellScriptBuildPhase section */
		4AD8FF8112A8286400557D1F /* ShellScript */ = {
			isa = PBXShellScriptBuildPhase;
			buildActionMask = 2147483647;
			files = (
			);
			inputPaths = (
			);
			outputPaths = (
			);
			runOnlyForDeploymentPostprocessing = 0;
			shellPath = /bin/sh;
			shellScript = "# Purpose:\n#   Create a static library for iPhone from within XCode\n#   Because Apple staff DELIBERATELY broke Xcode to make this impossible from the GUI (Xcode 3.2.3 specifically states this in the Release notes!)\n#   ...no, I don't understand why they did such a stupid thing either!\n#\n# Author: Adam Martin - http://twitter.com/redglassesapps\n# Based on: original script from Eonil (main changes: Eonil's script WILL NOT WORK in Xcode GUI - it WILL CRASH YOUR COMPUTER)\n#\n# More info: see this Stack Overflow question: http://stackoverflow.com/questions/3520977/build-fat-static-library-device-simulator-using-xcode-and-sdk-4\n\n\n#####################[ part 1 ]##################\n# First, work out the BASESDK version number (NB: Apple ought to report this, but they hide it)\n#    (incidental: searching for substrings in sh is a nightmare! Sob)\n\nSDK_VERSION=$(echo ${SDK_NAME} | grep -o '.\\{3\\}$')\n\n# Next, work out if we're in SIM or DEVICE\n\nif [ ${PLATFORM_NAME} = \"iphonesimulator\" ]\nthen\nOTHER_SDK_TO_BUILD=iphoneos${SDK_VERSION}\nelse\nOTHER_SDK_TO_BUILD=iphonesimulator${SDK_VERSION}\nfi\n\necho \"XCode has selected SDK: ${PLATFORM_NAME} with version: ${SDK_VERSION} (although back-targetting: ${IPHONEOS_DEPLOYMENT_TARGET})\"\necho \"...therefore, OTHER_SDK_TO_BUILD = ${OTHER_SDK_TO_BUILD}\"\n#\n#####################[ end of part 1 ]##################\n\n#####################[ part 2 ]##################\n#\n# IF this is the original invocation, invoke WHATEVER other builds are required\n#\n# Xcode is already building ONE target...\n#\n# ...but this is a LIBRARY, so Apple is wrong to set it to build just one.\n# ...we need to build ALL targets\n# ...we MUST NOT re-build the target that is ALREADY being built: Xcode WILL CRASH YOUR COMPUTER if you try this (infinite recursion!)\n#\n#\n# So: build ONLY the missing platforms/configurations.\n\nif [ \"true\" = ${ALREADYINVOKED} ]\nthen\necho \"RECURSION: I am NOT the root invocation, so I'm NOT going to recurse\"\nelse\n# CRITICAL:\n# Prevent infinite recursion (Xcode sucks)\nexport ALREADYINVOKED=\"true\"\n\necho \"RECURSION: I am the root ... recursing all missing build targets NOW...\"\necho \"RECURSION: ...about to invoke: xcodebuild -configuration \\\"${CONFIGURATION}\\\" -target \\\"${TARGET_NAME}\\\" -sdk \\\"${OTHER_SDK_TO_BUULD}\\\" ${ACTION} RUN_CLANG_STATIC_ANALYZER=NO\"\nxcodebuild -configuration \"${CONFIGURATION}\" -target \"${TARGET_NAME}\" -sdk \"${OTHER_SDK_TO_BUILD}\" ${ACTION} RUN_CLANG_STATIC_ANALYZER=NO\nfi\n\nACTION=\"build\"\n\n#Merge all platform binaries as a fat binary for each configurations.\n\nCURRENTCONFIG_DEVICE_DIR=${SYMROOT}/${CONFIGURATION}-iphoneos\nCURRENTCONFIG_SIMULATOR_DIR=${SYMROOT}/${CONFIGURATION}-iphonesimulator\nCURRENTCONFIG_UNIVERSAL_DIR=${SYMROOT}/${CONFIGURATION}-universal\n\n# ... remove the products of previous runs of this script\n#      NB: this directory is ONLY created by this script - it should be safe to delete!\n\nrm -rf \"${CURRENTCONFIG_UNIVERSAL_DIR}\"\nmkdir \"${CURRENTCONFIG_UNIVERSAL_DIR}\"\n\n#\necho \"lipo: for current configuration (${CONFIGURATION}) creating output file: ${CURRENTCONFIG_UNIVERSAL_DIR}/${EXECUTABLE_NAME}\"\nlipo -create -output \"${CURRENTCONFIG_UNIVERSAL_DIR}/${EXECUTABLE_NAME}\" \"${CURRENTCONFIG_DEVICE_DIR}/${EXECUTABLE_NAME}\" \"${CURRENTCONFIG_SIMULATOR_DIR}/${EXECUTABLE_NAME}\"\n\n#########\n#\n# Added: StackOverflow suggestion to also copy \"include\" files\n#    (untested, but should work OK)\n#\nif [ -d \"${CURRENTCONFIG_DEVICE_DIR}/usr/local/include\" ]\nthen\n  mkdir -p \"${CURRENTCONFIG_UNIVERSAL_DIR}/usr/local/include\"\n  cp \"${CURRENTCONFIG_DEVICE_DIR}\"/usr/local/include/* \"${CURRENTCONFIG_UNIVERSAL_DIR}/usr/local/include\"\nfi";
		};
/* End PBXShellScriptBuildPhase section */

/* Begin PBXSourcesBuildPhase section */
		D2AAC07B0554694100DB518D /* Sources */ = {
			isa = PBXSourcesBuildPhase;
			buildActionMask = 2147483647;
			files = (
				4AD8FF7212A8283000557D1F /* ASIAuthenticationDialog.m in Sources */,
				4AD8FF7412A8283000557D1F /* ASIFormDataRequest.m in Sources */,
				4AD8FF7612A8283000557D1F /* ASIHTTPRequest.m in Sources */,
				4AD8FF7912A8283000557D1F /* ASIInputStream.m in Sources */,
				4AD8FF7B12A8283000557D1F /* ASINetworkQueue.m in Sources */,
				4AD8FF7D12A8283000557D1F /* ASINSStringAdditions.m in Sources */,
				4AD8FF7F12A8283000557D1F /* NSHTTPCookieAdditions.m in Sources */,
			);
			runOnlyForDeploymentPostprocessing = 0;
		};
/* End PBXSourcesBuildPhase section */

/* Begin XCBuildConfiguration section */
		1DEB921F08733DC00010E9CD /* Debug */ = {
			isa = XCBuildConfiguration;
			buildSettings = {
				ALWAYS_SEARCH_USER_PATHS = NO;
				ARCHS = "$(ARCHS_STANDARD_32_BIT)";
				COPY_PHASE_STRIP = NO;
				DSTROOT = /tmp/ASI.dst;
				GCC_DYNAMIC_NO_PIC = NO;
				GCC_ENABLE_FIX_AND_CONTINUE = YES;
				GCC_MODEL_TUNING = G5;
				GCC_OPTIMIZATION_LEVEL = 0;
				GCC_PRECOMPILE_PREFIX_HEADER = YES;
				GCC_PREFIX_HEADER = ASI_Prefix.pch;
				INSTALL_PATH = /usr/local/lib;
				PRODUCT_NAME = ASI;
			};
			name = Debug;
		};
		1DEB922008733DC00010E9CD /* Release */ = {
			isa = XCBuildConfiguration;
			buildSettings = {
				ALWAYS_SEARCH_USER_PATHS = NO;
				ARCHS = "$(ARCHS_STANDARD_32_BIT)";
				DSTROOT = /tmp/ASI.dst;
				GCC_MODEL_TUNING = G5;
				GCC_PRECOMPILE_PREFIX_HEADER = YES;
				GCC_PREFIX_HEADER = ASI_Prefix.pch;
				INSTALL_PATH = /usr/local/lib;
				PRODUCT_NAME = ASI;
			};
			name = Release;
		};
		1DEB922308733DC00010E9CD /* Debug */ = {
			isa = XCBuildConfiguration;
			buildSettings = {
				ARCHS = "$(ARCHS_STANDARD_32_BIT)";
				GCC_C_LANGUAGE_STANDARD = c99;
				GCC_OPTIMIZATION_LEVEL = 0;
				GCC_WARN_ABOUT_RETURN_TYPE = YES;
				GCC_WARN_UNUSED_VARIABLE = YES;
				HEADER_SEARCH_PATHS = ../Reachability/Reachability;
				IPHONEOS_DEPLOYMENT_TARGET = 3.0;
				OTHER_LDFLAGS = "-ObjC";
				PREBINDING = NO;
				SDKROOT = iphoneos;
			};
			name = Debug;
		};
		1DEB922408733DC00010E9CD /* Release */ = {
			isa = XCBuildConfiguration;
			buildSettings = {
				ARCHS = "$(ARCHS_STANDARD_32_BIT)";
				GCC_C_LANGUAGE_STANDARD = c99;
				GCC_WARN_ABOUT_RETURN_TYPE = YES;
				GCC_WARN_UNUSED_VARIABLE = YES;
				HEADER_SEARCH_PATHS = ../Reachability/Reachability;
				IPHONEOS_DEPLOYMENT_TARGET = 3.0;
				OTHER_LDFLAGS = "-ObjC";
				PREBINDING = NO;
				SDKROOT = iphoneos;
			};
			name = Release;
		};
/* End XCBuildConfiguration section */

/* Begin XCConfigurationList section */
		1DEB921E08733DC00010E9CD /* Build configuration list for PBXNativeTarget "ASI" */ = {
			isa = XCConfigurationList;
			buildConfigurations = (
				1DEB921F08733DC00010E9CD /* Debug */,
				1DEB922008733DC00010E9CD /* Release */,
			);
			defaultConfigurationIsVisible = 0;
			defaultConfigurationName = Release;
		};
		1DEB922208733DC00010E9CD /* Build configuration list for PBXProject "ASI" */ = {
			isa = XCConfigurationList;
			buildConfigurations = (
				1DEB922308733DC00010E9CD /* Debug */,
				1DEB922408733DC00010E9CD /* Release */,
			);
			defaultConfigurationIsVisible = 0;
			defaultConfigurationName = Release;
		};
/* End XCConfigurationList section */
	};
	rootObject = 0867D690FE84028FC02AAC07 /* Project object */;
}
